
Microsoft Visual Studio Solution File, Format Version 12.00
# Visual Studio Version 16
VisualStudioVersion = 16.0.29728.190
MinimumVisualStudioVersion = 10.0.40219.1
Project("{9A19103F-16F7-4668-BE54-9A1E7A4F7556}") = "RS1_Ispit_asp.net_core", ".\RS1_Ispit_asp.net_core.Web\RS1_Ispit_asp.net_core.csproj", "{6636C20D-E3DE-4BF5-BD38-B685EBCFB50D}"
EndProject
Project("{FAE04EC0-301F-11D3-BF4B-00C04F79EFBC}") = "RS1_Ispit_asp.net_core.Test", ".\RS1_Ispit_asp.net_core.Test\RS1_Ispit_asp.net_core.Test.csproj", "{7E2A1ADD-257B-47C8-9FFE-8B2CD697AAD8}"
EndProject
Global
	GlobalSection(SolutionConfigurationPlatforms) = preSolution
		Debug|Any CPU = Debug|Any CPU
		Release|Any CPU = Release|Any CPU
	EndGlobalSection
	GlobalSection(ProjectConfigurationPlatforms) = postSolution
		{6636C20D-E3DE-4BF5-BD38-B685EBCFB50D}.Debug|Any CPU.ActiveCfg = Debug|Any CPU
		{6636C20D-E3DE-4BF5-BD38-B685EBCFB50D}.Debug|Any CPU.Build.0 = Debug|Any CPU
		{6636C20D-E3DE-4BF5-BD38-B685EBCFB50D}.Release|Any CPU.ActiveCfg = Release|Any CPU
		{6636C20D-E3DE-4BF5-BD38-B685EBCFB50D}.Release|Any CPU.Build.0 = Release|Any CPU
		{7E2A1ADD-257B-47C8-9FFE-8B2CD697AAD8}.Debug|Any CPU.ActiveCfg = Debug|Any CPU
		{7E2A1ADD-257B-47C8-9FFE-8B2CD697AAD8}.Debug|Any CPU.Build.0 = Debug|Any CPU
		{7E2A1ADD-257B-47C8-9FFE-8B2CD697AAD8}.Release|Any CPU.ActiveCfg = Release|Any CPU
		{7E2A1ADD-257B-47C8-9FFE-8B2CD697AAD8}.Release|Any CPU.Build.0 = Release|Any CPU
	EndGlobalSection
	GlobalSection(SolutionProperties) = preSolution
		HideSolutionNode = FALSE
	EndGlobalSection
	GlobalSection(ExtensibilityGlobals) = postSolution
		SolutionGuid = {7C6A5511-65DD-490A-85FB-3D21CD538A4C}
	EndGlobalSection
EndGlobal
